{
  "version": 4,
  "terraform_version": "1.5.7",
  "serial": 4,
  "lineage": "ce705dc1-3227-ce9c-5f53-9c6b25c9feda",
  "outputs": {
    "backend_secret_arn": {
      "value": "arn:aws:secretsmanager:us-east-1:891377123668:secret:staging-traba-backend-config-9w8ivg",
      "type": "string"
    },
    "ecr_repository_url": {
      "value": "891377123668.dkr.ecr.us-east-1.amazonaws.com/staging-traba",
      "type": "string"
    },
    "frontend_secret_arn": {
      "value": "arn:aws:secretsmanager:us-east-1:891377123668:secret:staging-traba-frontend-config-5uPree",
      "type": "string"
    }
  },
  "resources": [
    {
      "mode": "managed",
      "type": "aws_ecr_repository",
      "name": "traba",
      "provider": "provider[\"registry.terraform.io/hashicorp/aws\"]",
      "instances": [
        {
          "schema_version": 0,
          "attributes": {
            "arn": "arn:aws:ecr:us-east-1:891377123668:repository/staging-traba",
            "encryption_configuration": [
              {
                "encryption_type": "AES256",
                "kms_key": ""
              }
            ],
            "force_delete": null,
            "id": "staging-traba",
            "image_scanning_configuration": [
              {
                "scan_on_push": true
              }
            ],
            "image_tag_mutability": "MUTABLE",
            "name": "staging-traba",
            "registry_id": "891377123668",
            "repository_url": "891377123668.dkr.ecr.us-east-1.amazonaws.com/staging-traba",
            "tags": null,
            "tags_all": {},
            "timeouts": null
          },
          "sensitive_attributes": [],
          "private": "eyJlMmJmYjczMC1lY2FhLTExZTYtOGY4OC0zNDM2M2JjN2M0YzAiOnsiZGVsZXRlIjoxMjAwMDAwMDAwMDAwfX0="
        }
      ]
    },
    {
      "mode": "managed",
      "type": "aws_secretsmanager_secret",
      "name": "backend_config",
      "provider": "provider[\"registry.terraform.io/hashicorp/aws\"]",
      "instances": [
        {
          "schema_version": 0,
          "attributes": {
            "arn": "arn:aws:secretsmanager:us-east-1:891377123668:secret:staging-traba-backend-config-9w8ivg",
            "description": "",
            "force_overwrite_replica_secret": false,
            "id": "arn:aws:secretsmanager:us-east-1:891377123668:secret:staging-traba-backend-config-9w8ivg",
            "kms_key_id": "",
            "name": "staging-traba-backend-config",
            "name_prefix": "",
            "policy": "",
            "recovery_window_in_days": 30,
            "replica": [],
            "tags": {
              "Environment": "staging",
              "Service": "backend"
            },
            "tags_all": {
              "Environment": "staging",
              "Service": "backend"
            }
          },
          "sensitive_attributes": [],
          "private": "bnVsbA=="
        }
      ]
    },
    {
      "mode": "managed",
      "type": "aws_secretsmanager_secret",
      "name": "frontend_config",
      "provider": "provider[\"registry.terraform.io/hashicorp/aws\"]",
      "instances": [
        {
          "schema_version": 0,
          "attributes": {
            "arn": "arn:aws:secretsmanager:us-east-1:891377123668:secret:staging-traba-frontend-config-5uPree",
            "description": "",
            "force_overwrite_replica_secret": false,
            "id": "arn:aws:secretsmanager:us-east-1:891377123668:secret:staging-traba-frontend-config-5uPree",
            "kms_key_id": "",
            "name": "staging-traba-frontend-config",
            "name_prefix": "",
            "policy": "",
            "recovery_window_in_days": 30,
            "replica": [],
            "tags": {
              "Environment": "staging",
              "Service": "frontend"
            },
            "tags_all": {
              "Environment": "staging",
              "Service": "frontend"
            }
          },
          "sensitive_attributes": [],
          "private": "bnVsbA=="
        }
      ]
    }
  ],
  "check_results": null
}
